{
  "name": "pharmacy-pos",
  "version": "0.0.1",
  "lockfileVersion": 1,
  "requires": true,
  "dependencies": {
    "@angular/material": {
      "version": "8.2.3",
      "resolved": "https://registry.npmjs.org/@angular/material/-/material-8.2.3.tgz",
      "integrity": "sha512-SOczkIaqes+r+9XF/UUiokidfFKBpHkOPIaFK857sFD0FBNPvPEpOr5oHKCG3feERRwAFqHS7Wo2ohVEWypb5A==",
      "requires": {
        "tslib": "^1.7.1"
      }
    },
    "@ngrx/effects": {
      "version": "8.4.0",
      "resolved": "https://registry.npmjs.org/@ngrx/effects/-/effects-8.4.0.tgz",
      "integrity": "sha512-LQv+NIYkFehXMSBMT9xL04RvmDmbzSbCbSCXbNSH2hN216TqX83L29u5T4I06oGhzQ3xN+SSQXGWQiZYJvKuEA==",
      "dev": true
    },
    "@ngrx/store": {
      "version": "8.4.0",
      "resolved": "https://registry.npmjs.org/@ngrx/store/-/store-8.4.0.tgz",
      "integrity": "sha512-Z8+2hfGcynGrzJuU7ixxYxOI6M2E0H8Omni1u01h55vvaZeoTO8bRt6OWqbjxxEsSKQmBBZ1XyOuuZXSWjxvYw==",
      "dev": true
    },
    "@ngxs/store": {
      "version": "3.5.1",
      "resolved": "https://registry.npmjs.org/@ngxs/store/-/store-3.5.1.tgz",
      "integrity": "sha512-oChcRNHHpYwrYQO4aPs4OP5vjvqspb9OdUW7ZcyVHJF5UyLCrETBWh+fqJwFoEXAiiOBL2CP4LtVcSu+o8DEVg==",
      "dev": true,
      "requires": {
        "tslib": "^1.9.0"
      }
    },
    "tslib": {
      "version": "1.10.0",
      "resolved": "https://registry.npmjs.org/tslib/-/tslib-1.10.0.tgz",
      "integrity": "sha512-qOebF53frne81cf0S9B41ByenJ3/IuH8yJKngAX35CmiZySA0khhkovshKK+jGCaMnVomla7gVlIcc3EvKPbTQ=="
    }
  }
}
